
Microsoft Visual Studio Solution File, Format Version 12.00
# Visual Studio Version 16
VisualStudioVersion = 16.0.31005.135
MinimumVisualStudioVersion = 10.0.40219.1
Project("{FAE04EC0-301F-11D3-BF4B-00C04F79EFBC}") = "TestJquery", "TestJquery\TestJquery.csproj", "{1002B5C7-0BBD-4C37-8BB3-42DD97088434}"
EndProject
Global
	GlobalSection(SolutionConfigurationPlatforms) = preSolution
		Debug|Any CPU = Debug|Any CPU
		Release|Any CPU = Release|Any CPU
	EndGlobalSection
	GlobalSection(ProjectConfigurationPlatforms) = postSolution
		{1002B5C7-0BBD-4C37-8BB3-42DD97088434}.Debug|Any CPU.ActiveCfg = Debug|Any CPU
		{1002B5C7-0BBD-4C37-8BB3-42DD97088434}.Debug|Any CPU.Build.0 = Debug|Any CPU
		{1002B5C7-0BBD-4C37-8BB3-42DD97088434}.Release|Any CPU.ActiveCfg = Release|Any CPU
		{1002B5C7-0BBD-4C37-8BB3-42DD97088434}.Release|Any CPU.Build.0 = Release|Any CPU
	EndGlobalSection
	GlobalSection(SolutionProperties) = preSolution
		HideSolutionNode = FALSE
	EndGlobalSection
	GlobalSection(ExtensibilityGlobals) = postSolution
		SolutionGuid = {53684EA7-7BAC-4BBD-B792-5C8911E5E480}
	EndGlobalSection
EndGlobal
